
Microsoft Visual Studio Solution File, Format Version 12.00
# Visual Studio Version 16
VisualStudioVersion = 16.0.31129.286
MinimumVisualStudioVersion = 10.0.40219.1
Project("{FAE04EC0-301F-11D3-BF4B-00C04F79EFBC}") = "Picture-Naming-Helper", "Picture-Naming-Helper.csproj", "{DD9C89CA-2CF9-4CAD-A29A-A1DB3FE547BD}"
EndProject
Global
	GlobalSection(SolutionConfigurationPlatforms) = preSolution
		Debug|Any CPU = Debug|Any CPU
		Release|Any CPU = Release|Any CPU
	EndGlobalSection
	GlobalSection(ProjectConfigurationPlatforms) = postSolution
		{DD9C89CA-2CF9-4CAD-A29A-A1DB3FE547BD}.Debug|Any CPU.ActiveCfg = Debug|Any CPU
		{DD9C89CA-2CF9-4CAD-A29A-A1DB3FE547BD}.Debug|Any CPU.Build.0 = Debug|Any CPU
		{DD9C89CA-2CF9-4CAD-A29A-A1DB3FE547BD}.Release|Any CPU.ActiveCfg = Release|Any CPU
		{DD9C89CA-2CF9-4CAD-A29A-A1DB3FE547BD}.Release|Any CPU.Build.0 = Release|Any CPU
	EndGlobalSection
	GlobalSection(SolutionProperties) = preSolution
		HideSolutionNode = FALSE
	EndGlobalSection
	GlobalSection(ExtensibilityGlobals) = postSolution
		SolutionGuid = {3E377EBF-1146-4F00-80B5-772BCC9A942D}
	EndGlobalSection
EndGlobal
